// !$*UTF8*$!
{
	archiveVersion = 1;
	classes = {
	};
	objectVersion = 77;
	objects = {

/* Begin PBXFileReference section */
		65E45B842D2B686B004958C7 /* __init__.py */ = {isa = PBXFileReference; lastKnownFileType = text.script.python; path = __init__.py; sourceTree = "<group>"; };
		65E45B862D2B686B004958C7 /* __init__.py */ = {isa = PBXFileReference; lastKnownFileType = text.script.python; path = __init__.py; sourceTree = "<group>"; };
		65E45B872D2B686B004958C7 /* admin.py */ = {isa = PBXFileReference; lastKnownFileType = text.script.python; path = admin.py; sourceTree = "<group>"; };
		65E45B882D2B686B004958C7 /* apps.py */ = {isa = PBXFileReference; lastKnownFileType = text.script.python; path = apps.py; sourceTree = "<group>"; };
		65E45B892D2B686B004958C7 /* models.py */ = {isa = PBXFileReference; lastKnownFileType = text.script.python; path = models.py; sourceTree = "<group>"; };
		65E45B8A2D2B686B004958C7 /* tests.py */ = {isa = PBXFileReference; lastKnownFileType = text.script.python; path = tests.py; sourceTree = "<group>"; };
		65E45B8B2D2B686B004958C7 /* views.py */ = {isa = PBXFileReference; lastKnownFileType = text.script.python; path = views.py; sourceTree = "<group>"; };
		65E45B8D2D2B686B004958C7 /* __init__.py */ = {isa = PBXFileReference; lastKnownFileType = text.script.python; path = __init__.py; sourceTree = "<group>"; };
		65E45B8E2D2B686B004958C7 /* asgi.py */ = {isa = PBXFileReference; lastKnownFileType = text.script.python; path = asgi.py; sourceTree = "<group>"; };
		65E45B8F2D2B686B004958C7 /* settings.py */ = {isa = PBXFileReference; lastKnownFileType = text.script.python; path = settings.py; sourceTree = "<group>"; };
		65E45B902D2B686B004958C7 /* urls.py */ = {isa = PBXFileReference; lastKnownFileType = text.script.python; path = urls.py; sourceTree = "<group>"; };
		65E45B912D2B686B004958C7 /* wsgi.py */ = {isa = PBXFileReference; lastKnownFileType = text.script.python; path = wsgi.py; sourceTree = "<group>"; };
		65E45B932D2B686B004958C7 /* manage.py */ = {isa = PBXFileReference; lastKnownFileType = text.script.python; path = manage.py; sourceTree = "<group>"; };
		65E4762E2D2B686B004958C7 /* LICENSE */ = {isa = PBXFileReference; lastKnownFileType = text; path = LICENSE; sourceTree = "<group>"; };
		65E4762F2D2B686B004958C7 /* README.md */ = {isa = PBXFileReference; lastKnownFileType = net.daringfireball.markdown; path = README.md; sourceTree = "<group>"; };
		65E476302D2B77FB004958C7 /* urls.py */ = {isa = PBXFileReference; lastKnownFileType = text.script.python; path = urls.py; sourceTree = "<group>"; };
/* End PBXFileReference section */

/* Begin PBXGroup section */
		65E45B7D2D2B67EB004958C7 = {
			isa = PBXGroup;
			children = (
				65E4762D2D2B686B004958C7 /* django_test */,
				65E4762E2D2B686B004958C7 /* LICENSE */,
				65E4762F2D2B686B004958C7 /* README.md */,
			);
			sourceTree = "<group>";
		};
		65E45B852D2B686B004958C7 /* migrations */ = {
			isa = PBXGroup;
			children = (
				65E45B842D2B686B004958C7 /* __init__.py */,
			);
			path = migrations;
			sourceTree = "<group>";
		};
		65E45B8C2D2B686B004958C7 /* catalog */ = {
			isa = PBXGroup;
			children = (
				65E476302D2B77FB004958C7 /* urls.py */,
				65E45B852D2B686B004958C7 /* migrations */,
				65E45B862D2B686B004958C7 /* __init__.py */,
				65E45B872D2B686B004958C7 /* admin.py */,
				65E45B882D2B686B004958C7 /* apps.py */,
				65E45B892D2B686B004958C7 /* models.py */,
				65E45B8A2D2B686B004958C7 /* tests.py */,
				65E45B8B2D2B686B004958C7 /* views.py */,
			);
			path = catalog;
			sourceTree = "<group>";
		};
		65E45B922D2B686B004958C7 /* locallibrary */ = {
			isa = PBXGroup;
			children = (
				65E45B8D2D2B686B004958C7 /* __init__.py */,
				65E45B8E2D2B686B004958C7 /* asgi.py */,
				65E45B8F2D2B686B004958C7 /* settings.py */,
				65E45B902D2B686B004958C7 /* urls.py */,
				65E45B912D2B686B004958C7 /* wsgi.py */,
			);
			path = locallibrary;
			sourceTree = "<group>";
		};
		65E45B942D2B686B004958C7 /* locallibrary */ = {
			isa = PBXGroup;
			children = (
				65E45B8C2D2B686B004958C7 /* catalog */,
				65E45B922D2B686B004958C7 /* locallibrary */,
				65E45B932D2B686B004958C7 /* manage.py */,
			);
			path = locallibrary;
			sourceTree = "<group>";
		};
		65E4762D2D2B686B004958C7 /* django_test */ = {
			isa = PBXGroup;
			children = (
				65E45B942D2B686B004958C7 /* locallibrary */,
			);
			path = django_test;
			sourceTree = "<group>";
		};
/* End PBXGroup section */

/* Begin PBXProject section */
		65E45B7E2D2B67EB004958C7 /* Project object */ = {
			isa = PBXProject;
			attributes = {
				BuildIndependentTargetsInParallel = 1;
				LastUpgradeCheck = 1620;
			};
			buildConfigurationList = 65E45B812D2B67EB004958C7 /* Build configuration list for PBXProject "Local Library" */;
			developmentRegion = en;
			hasScannedForEncodings = 0;
			knownRegions = (
				en,
				Base,
			);
			mainGroup = 65E45B7D2D2B67EB004958C7;
			minimizedProjectReferenceProxies = 1;
			preferredProjectObjectVersion = 77;
			projectDirPath = "";
			projectRoot = "";
			targets = (
			);
		};
/* End PBXProject section */

/* Begin XCBuildConfiguration section */
		65E45B822D2B67EB004958C7 /* Debug */ = {
			isa = XCBuildConfiguration;
			buildSettings = {
			};
			name = Debug;
		};
		65E45B832D2B67EB004958C7 /* Release */ = {
			isa = XCBuildConfiguration;
			buildSettings = {
			};
			name = Release;
		};
/* End XCBuildConfiguration section */

/* Begin XCConfigurationList section */
		65E45B812D2B67EB004958C7 /* Build configuration list for PBXProject "Local Library" */ = {
			isa = XCConfigurationList;
			buildConfigurations = (
				65E45B822D2B67EB004958C7 /* Debug */,
				65E45B832D2B67EB004958C7 /* Release */,
			);
			defaultConfigurationIsVisible = 0;
			defaultConfigurationName = Release;
		};
/* End XCConfigurationList section */
	};
	rootObject = 65E45B7E2D2B67EB004958C7 /* Project object */;
}
